
Microsoft Visual Studio Solution File, Format Version 12.00
# Visual Studio 14
VisualStudioVersion = 14.0.25420.1
MinimumVisualStudioVersion = 10.0.40219.1
Project("{FAE04EC0-301F-11D3-BF4B-00C04F79EFBC}") = "Expeditapplikationversion1", "Expeditapplikationversion1\Expeditapplikationversion1.csproj", "{8DE21F22-A681-4783-B25D-63304661E9BE}"
EndProject
Project("{FAE04EC0-301F-11D3-BF4B-00C04F79EFBC}") = "ClassLibrary1", "ClassLibrary1\ClassLibrary1.csproj", "{0850640F-E95E-4E5C-A9BD-50E34B7217FD}"
EndProject
Global
	GlobalSection(SolutionConfigurationPlatforms) = preSolution
		Debug|Any CPU = Debug|Any CPU
		Release|Any CPU = Release|Any CPU
	EndGlobalSection
	GlobalSection(ProjectConfigurationPlatforms) = postSolution
		{8DE21F22-A681-4783-B25D-63304661E9BE}.Debug|Any CPU.ActiveCfg = Debug|Any CPU
		{8DE21F22-A681-4783-B25D-63304661E9BE}.Debug|Any CPU.Build.0 = Debug|Any CPU
		{8DE21F22-A681-4783-B25D-63304661E9BE}.Release|Any CPU.ActiveCfg = Release|Any CPU
		{8DE21F22-A681-4783-B25D-63304661E9BE}.Release|Any CPU.Build.0 = Release|Any CPU
		{0850640F-E95E-4E5C-A9BD-50E34B7217FD}.Debug|Any CPU.ActiveCfg = Debug|Any CPU
		{0850640F-E95E-4E5C-A9BD-50E34B7217FD}.Debug|Any CPU.Build.0 = Debug|Any CPU
		{0850640F-E95E-4E5C-A9BD-50E34B7217FD}.Release|Any CPU.ActiveCfg = Release|Any CPU
		{0850640F-E95E-4E5C-A9BD-50E34B7217FD}.Release|Any CPU.Build.0 = Release|Any CPU
	EndGlobalSection
	GlobalSection(SolutionProperties) = preSolution
		HideSolutionNode = FALSE
	EndGlobalSection
EndGlobal
